Microsoft Visual Studio Solution File, Format Version 12.00
# Visual Studio Version 17
VisualStudioVersion = 17.5.2.0
MinimumVisualStudioVersion = 10.0.40219.1
Project("{FAE04EC0-301F-11D3-BF4B-00C04F79EFBC}") = "cozinhu", "cozinhu.csproj", "{5204FB6E-11C1-ADEB-9ED4-133ACB9B49ED}"
EndProject
Global
	GlobalSection(SolutionConfigurationPlatforms) = preSolution
		Debug|Any CPU = Debug|Any CPU
		Release|Any CPU = Release|Any CPU
	EndGlobalSection
	GlobalSection(ProjectConfigurationPlatforms) = postSolution
		{5204FB6E-11C1-ADEB-9ED4-133ACB9B49ED}.Debug|Any CPU.ActiveCfg = Debug|Any CPU
		{5204FB6E-11C1-ADEB-9ED4-133ACB9B49ED}.Debug|Any CPU.Build.0 = Debug|Any CPU
		{5204FB6E-11C1-ADEB-9ED4-133ACB9B49ED}.Release|Any CPU.ActiveCfg = Release|Any CPU
		{5204FB6E-11C1-ADEB-9ED4-133ACB9B49ED}.Release|Any CPU.Build.0 = Release|Any CPU
	EndGlobalSection
	GlobalSection(SolutionProperties) = preSolution
		HideSolutionNode = FALSE
	EndGlobalSection
	GlobalSection(ExtensibilityGlobals) = postSolution
		SolutionGuid = {5B6AB6E1-84DD-4509-B997-F08AED5D55FA}
	EndGlobalSection
EndGlobal
